PODS:
  - Alamofire (5.2.2)
  - Charts (3.6.0):
    - Charts/Core (= 3.6.0)
  - Charts/Core (3.6.0)
  - CountdownLabel (4.0.1)
  - DatePicker (1.3.1):
    - Extended
  - DropDown (2.3.13)
  - Extended (1.0.5)
  - Firebase/Analytics (6.34.0):
    - Firebase/Core
  - Firebase/Core (6.34.0):
    - Firebase/CoreOnly
    - FirebaseAnalytics (= 6.9.0)
  - Firebase/CoreOnly (6.34.0):
    - FirebaseCore (= 6.10.4)
  - Firebase/Crashlytics (6.34.0):
    - Firebase/CoreOnly
    - FirebaseCrashlytics (~> 4.6.2)
  - Firebase/Messaging (6.34.0):
    - Firebase/CoreOnly
    - FirebaseMessaging (~> 4.7.1)
  - FirebaseAnalytics (6.9.0):
    - FirebaseCore (~> 6.10)
    - FirebaseInstallations (~> 1.7)
    - GoogleAppMeasurement (= 6.9.0)
    - GoogleUtilities/AppDelegateSwizzler (~> 6.7)
    - GoogleUtilities/MethodSwizzler (~> 6.7)
    - GoogleUtilities/Network (~> 6.7)
    - "GoogleUtilities/NSData+zlib (~> 6.7)"
    - nanopb (~> 1.30906.0)
  - FirebaseCore (6.10.4):
    - FirebaseCoreDiagnostics (~> 1.6)
    - GoogleUtilities/Environment (~> 6.7)
    - GoogleUtilities/Logger (~> 6.7)
  - FirebaseCoreDiagnostics (1.7.0):
    - GoogleDataTransport (~> 7.4)
    - GoogleUtilities/Environment (~> 6.7)
    - GoogleUtilities/Logger (~> 6.7)
    - nanopb (~> 1.30906.0)
  - FirebaseCrashlytics (4.6.2):
    - FirebaseCore (~> 6.10)
    - FirebaseInstallations (~> 1.6)
    - GoogleDataTransport (~> 7.2)
    - nanopb (~> 1.30906.0)
    - PromisesObjC (~> 1.2)
  - FirebaseInstallations (1.7.0):
    - FirebaseCore (~> 6.10)
    - GoogleUtilities/Environment (~> 6.7)
    - GoogleUtilities/UserDefaults (~> 6.7)
    - PromisesObjC (~> 1.2)
  - FirebaseInstanceID (4.8.0):
    - FirebaseCore (~> 6.10)
    - FirebaseInstallations (~> 1.6)
    - GoogleUtilities/Environment (~> 6.7)
    - GoogleUtilities/UserDefaults (~> 6.7)
  - FirebaseMessaging (4.7.1):
    - FirebaseCore (~> 6.10)
    - FirebaseInstanceID (~> 4.7)
    - GoogleUtilities/AppDelegateSwizzler (~> 6.7)
    - GoogleUtilities/Environment (~> 6.7)
    - GoogleUtilities/Reachability (~> 6.7)
    - GoogleUtilities/UserDefaults (~> 6.7)
    - Protobuf (>= 3.9.2, ~> 3.9)
  - GoogleAppMeasurement (6.9.0):
    - GoogleUtilities/AppDelegateSwizzler (~> 6.7)
    - GoogleUtilities/MethodSwizzler (~> 6.7)
    - GoogleUtilities/Network (~> 6.7)
    - "GoogleUtilities/NSData+zlib (~> 6.7)"
    - nanopb (~> 1.30906.0)
  - GoogleDataTransport (7.5.1):
    - nanopb (~> 1.30906.0)
  - GoogleUtilities/AppDelegateSwizzler (6.7.2):
    - GoogleUtilities/Environment
    - GoogleUtilities/Logger
    - GoogleUtilities/Network
  - GoogleUtilities/Environment (6.7.2):
    - PromisesObjC (~> 1.2)
  - GoogleUtilities/Logger (6.7.2):
    - GoogleUtilities/Environment
  - GoogleUtilities/MethodSwizzler (6.7.2):
    - GoogleUtilities/Logger
  - GoogleUtilities/Network (6.7.2):
    - GoogleUtilities/Logger
    - "GoogleUtilities/NSData+zlib"
    - GoogleUtilities/Reachability
  - "GoogleUtilities/NSData+zlib (6.7.2)"
  - GoogleUtilities/Reachability (6.7.2):
    - GoogleUtilities/Logger
  - GoogleUtilities/UserDefaults (6.7.2):
    - GoogleUtilities/Logger
  - GrowingTextView (0.7.2)
  - Hero (1.5.0)
  - IHKeyboardAvoiding (4.7)
  - InputBarAccessoryView (5.2.1):
    - InputBarAccessoryView/Core (= 5.2.1)
  - InputBarAccessoryView/Core (5.2.1)
  - iOSPhotoEditor (1.0.0)
  - IQKeyboardManagerSwift (6.5.6)
  - JitsiMeetSDK (2.10.2)
  - KeyboardAvoidingView (5.0.1):
    - ViewState (>= 1.0.0)
  - Kingfisher (5.15.6):
    - Kingfisher/Core (= 5.15.6)
  - Kingfisher/Core (5.15.6)
  - KWVerificationCodeView (0.4.0)
  - LGSideMenuController (2.1.1)
  - lottie-ios (3.1.8)
  - Material (3.1.8):
    - Material/Core (= 3.1.8)
  - Material/Core (3.1.8):
    - Motion (~> 3.1.1)
  - MessageKit (3.4.2):
    - InputBarAccessoryView (~> 5.2.1)
  - MMPlayerView (6.0.2)
  - Motion (3.1.3):
    - Motion/Core (= 3.1.3)
  - Motion/Core (3.1.3)
  - nanopb (1.30906.0):
    - nanopb/decode (= 1.30906.0)
    - nanopb/encode (= 1.30906.0)
  - nanopb/decode (1.30906.0)
  - nanopb/encode (1.30906.0)
  - NVActivityIndicatorView (5.1.1):
    - NVActivityIndicatorView/Base (= 5.1.1)
  - NVActivityIndicatorView/Base (5.1.1)
  - PeekPop (1.0.0)
  - PixelSDK (10.1.2):
    - PixelSDK-GPUImage3 (~> 1.1.1)
  - PixelSDK-GPUImage3 (1.1.13)
  - Player (0.13.3)
  - PromisesObjC (1.2.11)
  - Protobuf (3.13.0)
  - PryntTrimmerView (4.0.2)
  - RangeSeekSlider (1.8.0)
  - Realm (5.5.0):
    - Realm/Headers (= 5.5.0)
  - Realm/Headers (5.5.0)
  - RealmSwift (5.5.0):
    - Realm (= 5.5.0)
  - SimpleAnimation (0.4.2)
  - Socket.IO-Client-Swift (15.2.0):
    - Starscream (~> 3.1)
  - Starscream (3.1.1)
  - SteviaLayout (4.7.3)
  - SwiftRichString (3.7.2)
  - SwiftVideoBackground (3.4.0)
  - SwiftyCam (4.0.0)
  - SwiftyGif (5.3.0)
  - ViewState (1.0.0)
  - YPImagePicker (4.4.0):
    - PryntTrimmerView (~> 4.0.2)
    - SteviaLayout (~> 4.7.3)

DEPENDENCIES:
  - Alamofire
  - Charts
  - CountdownLabel
  - DatePicker
  - DropDown
  - Firebase/Analytics
  - Firebase/Crashlytics
  - Firebase/Messaging
  - GrowingTextView (= 0.7.2)
  - Hero
  - IHKeyboardAvoiding
  - iOSPhotoEditor
  - IQKeyboardManagerSwift
  - JitsiMeetSDK
  - KeyboardAvoidingView (~> 5.0)
  - Kingfisher
  - KWVerificationCodeView
  - LGSideMenuController
  - lottie-ios
  - Material
  - MessageKit
  - MMPlayerView
  - NVActivityIndicatorView
  - PeekPop (~> 1.0)
  - PixelSDK
  - Player (~> 0.13.2)
  - RangeSeekSlider
  - RealmSwift
  - SimpleAnimation
  - Socket.IO-Client-Swift (= 15.2.0)
  - SwiftRichString
  - SwiftVideoBackground (~> 3.0)
  - SwiftyCam
  - SwiftyGif
  - YPImagePicker

SPEC REPOS:
  trunk:
    - Alamofire
    - Charts
    - CountdownLabel
    - DatePicker
    - DropDown
    - Extended
    - Firebase
    - FirebaseAnalytics
    - FirebaseCore
    - FirebaseCoreDiagnostics
    - FirebaseCrashlytics
    - FirebaseInstallations
    - FirebaseInstanceID
    - FirebaseMessaging
    - GoogleAppMeasurement
    - GoogleDataTransport
    - GoogleUtilities
    - GrowingTextView
    - Hero
    - IHKeyboardAvoiding
    - InputBarAccessoryView
    - iOSPhotoEditor
    - IQKeyboardManagerSwift
    - JitsiMeetSDK
    - KeyboardAvoidingView
    - Kingfisher
    - KWVerificationCodeView
    - LGSideMenuController
    - lottie-ios
    - Material
    - MessageKit
    - MMPlayerView
    - Motion
    - nanopb
    - NVActivityIndicatorView
    - PeekPop
    - PixelSDK
    - PixelSDK-GPUImage3
    - Player
    - PromisesObjC
    - Protobuf
    - PryntTrimmerView
    - RangeSeekSlider
    - Realm
    - RealmSwift
    - SimpleAnimation
    - Socket.IO-Client-Swift
    - Starscream
    - SteviaLayout
    - SwiftRichString
    - SwiftVideoBackground
    - SwiftyCam
    - SwiftyGif
    - ViewState
    - YPImagePicker

SPEC CHECKSUMS:
  Alamofire: 814429acc853c6c54ff123fc3d2ef66803823ce0
  Charts: b1e3a1f5a1c9ba5394438ca3b91bd8c9076310af
  CountdownLabel: c9975e3f329140b5e7d1f45cd63b1300badd1712
  DatePicker: 05ddbd2b57d00ce6f44c1f0611ced32f948d33a6
  DropDown: 8a2116376c1981888557f72ec2ffc9a5e0e456ec
  Extended: c463225e0c29b2823847866c1b106827772ac678
  Firebase: c23a36d9e4cdf7877dfcba8dd0c58add66358999
  FirebaseAnalytics: 3bb096873ee0d7fa4b6c70f5e9166b6da413cc7f
  FirebaseCore: d3a978a3cfa3240bf7e4ba7d137fdf5b22b628ec
  FirebaseCoreDiagnostics: 770ac5958e1372ce67959ae4b4f31d8e127c3ac1
  FirebaseCrashlytics: 1a747c9cc084a24dc6d9511c991db1cd078154eb
  FirebaseInstallations: 466c7b4d1f58fe16707693091da253726a731ed2
  FirebaseInstanceID: bd3ffc24367f901a43c063b36c640b345a4a5dd1
  FirebaseMessaging: 5eca4ef173de76253352511aafef774caa1cba2a
  GoogleAppMeasurement: a6a3a066369828db64eda428cb2856dc1cdc7c4e
  GoogleDataTransport: f56af7caa4ed338dc8e138a5d7c5973e66440833
  GoogleUtilities: 7f2f5a07f888cdb145101d6042bc4422f57e70b3
  GrowingTextView: 876bf42005b5e4a4fd740597db12caaf41f0fe6c
  Hero: b7385b75e7259da62f4f85462f59a5082d66b058
  IHKeyboardAvoiding: 4cae0880c3975feffa278495df894c5166e71ad0
  InputBarAccessoryView: 39a7ed22727baf3b8550ecdf6c8a4d28b2c6aa91
  iOSPhotoEditor: 2951f35246a31dcb428b6292248a9c065582d03e
  IQKeyboardManagerSwift: c7df9d2deb356c04522f5c4b7b6e4ce4d8ed94fe
  JitsiMeetSDK: d7612d73befd3f7f51f989458a816bbd05d0bc8e
  KeyboardAvoidingView: ef26d0d7e55ae412e9ef6e02ba84e7540af0ce4e
  Kingfisher: b3554e7bf6106115b44e8795300bad580ef2fdc7
  KWVerificationCodeView: 92cca6ad028546d3232fa75cda3a40d00109a1a2
  LGSideMenuController: ae40c80983ab8b8801c7cef0a6804d43aaa72d45
  lottie-ios: 48fac6be217c76937e36e340e2d09cf7b10b7f5f
  Material: a2a3f400a3b549d53ef89e56c58c4535b29db387
  MessageKit: 5ff0908bce5a7b6e11bd0b60e13a33e03697d161
  MMPlayerView: e28bace82369bcfbfbe29f9dcd30eeb641a46754
  Motion: cf1e060e489f6661126374d5c60dbd2ed991605c
  nanopb: 59317e09cf1f1a0af72f12af412d54edf52603fc
  NVActivityIndicatorView: 1f6c5687f1171810aa27a3296814dc2d7dec3667
  PeekPop: dcac0f339476b99eb50f8e3bc584f332c744ecf1
  PixelSDK: 733ada36c2c43e0ba9c2e6437daa612ed00de595
  PixelSDK-GPUImage3: 739e8363b869501fbb9cd3e4230755798e4609cb
  Player: e1889a481f14b3bc4065b62bed304c3de3b47dfe
  PromisesObjC: 8c196f5a328c2cba3e74624585467a557dcb482f
  Protobuf: 3dac39b34a08151c6d949560efe3f86134a3f748
  PryntTrimmerView: 6a43cc90df5d99addeabd33d4ba09b1365322130
  RangeSeekSlider: 650b11fa1edcb92e1e0ede797669d98622570fb5
  Realm: fb399d76f44042e5cdfc630f33828fdb4d077345
  RealmSwift: 3b7e62356207ef16d34de4e55d475163bd2062bb
  SimpleAnimation: 5430010b9548f392e7459290acce01c9ceba7171
  Socket.IO-Client-Swift: 1e3e3a1f09f3312a167f0d781eb2f383d477357c
  Starscream: 4bb2f9942274833f7b4d296a55504dcfc7edb7b0
  SteviaLayout: c2ecdcff57d44e38fd2f65e54ad52aeae28ca0c4
  SwiftRichString: d61b807db1f8834c26fee92b6dd3e1be2dc5af03
  SwiftVideoBackground: 826e0567c737ded2a211aa309e9951c643695e8f
  SwiftyCam: 6e57914771d972fbe508e759dc9d0150a44a93fd
  SwiftyGif: e466e86c660d343357ab944a819a101c4127cb40
  ViewState: 78aa77483e74e592c22e841619b853bc686843be
  YPImagePicker: 15aed8bcaa4dad976e11b6114126d731a2f9f3c9

PODFILE CHECKSUM: 9daab24c60250a2542291457f2c08846d86753c1

COCOAPODS: 1.10.0.rc.1
